
Microsoft Visual Studio Solution File, Format Version 10.00
# Visual Studio 2008
Project("{FAE04EC0-301F-11D3-BF4B-00C04F79EFBC}") = "RobustHaven.Text.Npeg", "..\RobustHaven.Text.Npeg\RobustHaven.Text.Npeg.csproj", "{15E40233-601A-4B21-8176-201E4A0ADCFD}"
EndProject
Project("{FAE04EC0-301F-11D3-BF4B-00C04F79EFBC}") = "RobustHaven.Text.Npeg.Tests", "RobustHaven.Text.Npeg.Tests.csproj", "{B762DB2E-74F2-4CC3-AD63-565AC72B055D}"
EndProject
Global
	GlobalSection(SolutionConfigurationPlatforms) = preSolution
		Debug|Any CPU = Debug|Any CPU
		Release|Any CPU = Release|Any CPU
	EndGlobalSection
	GlobalSection(ProjectConfigurationPlatforms) = postSolution
		{15E40233-601A-4B21-8176-201E4A0ADCFD}.Debug|Any CPU.ActiveCfg = Debug|Any CPU
		{15E40233-601A-4B21-8176-201E4A0ADCFD}.Debug|Any CPU.Build.0 = Debug|Any CPU
		{15E40233-601A-4B21-8176-201E4A0ADCFD}.Release|Any CPU.ActiveCfg = Release|Any CPU
		{15E40233-601A-4B21-8176-201E4A0ADCFD}.Release|Any CPU.Build.0 = Release|Any CPU
		{B762DB2E-74F2-4CC3-AD63-565AC72B055D}.Debug|Any CPU.ActiveCfg = Debug|Any CPU
		{B762DB2E-74F2-4CC3-AD63-565AC72B055D}.Debug|Any CPU.Build.0 = Debug|Any CPU
		{B762DB2E-74F2-4CC3-AD63-565AC72B055D}.Release|Any CPU.ActiveCfg = Release|Any CPU
		{B762DB2E-74F2-4CC3-AD63-565AC72B055D}.Release|Any CPU.Build.0 = Release|Any CPU
	EndGlobalSection
	GlobalSection(SolutionProperties) = preSolution
		HideSolutionNode = FALSE
	EndGlobalSection
EndGlobal
